
Microsoft Visual Studio Solution File, Format Version 12.00
# Visual Studio 2013
VisualStudioVersion = 12.0.20827.3
MinimumVisualStudioVersion = 10.0.40219.1
Project("{FAE04EC0-301F-11D3-BF4B-00C04F79EFBC}") = "CoffeeCup", "CoffeeCup\CoffeeCup.csproj", "{8CB14844-0BFC-4630-A8B6-4ED15A950039}"
EndProject
Project("{FAE04EC0-301F-11D3-BF4B-00C04F79EFBC}") = "testApp", "testApp\testApp.csproj", "{4FD3C5A6-CC12-4EFE-8CDE-005E7BBE9C34}"
EndProject
Project("{2150E333-8FDC-42A3-9474-1A3956D46DE8}") = ".nuget", ".nuget", "{16D1BEC9-569A-4009-879D-339B7792CEC0}"
	ProjectSection(SolutionItems) = preProject
		.nuget\NuGet.Config = .nuget\NuGet.Config
		.nuget\NuGet.exe = .nuget\NuGet.exe
		.nuget\NuGet.targets = .nuget\NuGet.targets
	EndProjectSection
EndProject
Project("{6141683F-8A12-4E36-9623-2EB02B2C2303}") = "CoffeeCupSetup", "CoffeeCupSetup\CoffeeCupSetup.isproj", "{7C8B966B-4764-46D4-8190-F610F05DC0CC}"
	ProjectSection(ProjectDependencies) = postProject
		{8CB14844-0BFC-4630-A8B6-4ED15A950039} = {8CB14844-0BFC-4630-A8B6-4ED15A950039}
	EndProjectSection
EndProject
Global
	GlobalSection(SolutionConfigurationPlatforms) = preSolution
		CD_ROM|Any CPU = CD_ROM|Any CPU
		CD_ROM|x64 = CD_ROM|x64
		CD_ROM|x86 = CD_ROM|x86
		Debug|Any CPU = Debug|Any CPU
		Debug|x64 = Debug|x64
		Debug|x86 = Debug|x86
		DVD-5|Any CPU = DVD-5|Any CPU
		DVD-5|x64 = DVD-5|x64
		DVD-5|x86 = DVD-5|x86
		Release|Any CPU = Release|Any CPU
		Release|x64 = Release|x64
		Release|x86 = Release|x86
		SingleImage|Any CPU = SingleImage|Any CPU
		SingleImage|x64 = SingleImage|x64
		SingleImage|x86 = SingleImage|x86
	EndGlobalSection
	GlobalSection(ProjectConfigurationPlatforms) = postSolution
		{8CB14844-0BFC-4630-A8B6-4ED15A950039}.CD_ROM|Any CPU.ActiveCfg = Release|Any CPU
		{8CB14844-0BFC-4630-A8B6-4ED15A950039}.CD_ROM|Any CPU.Build.0 = Release|Any CPU
		{8CB14844-0BFC-4630-A8B6-4ED15A950039}.CD_ROM|x64.ActiveCfg = Release|x64
		{8CB14844-0BFC-4630-A8B6-4ED15A950039}.CD_ROM|x64.Build.0 = Release|x64
		{8CB14844-0BFC-4630-A8B6-4ED15A950039}.CD_ROM|x86.ActiveCfg = Release|x86
		{8CB14844-0BFC-4630-A8B6-4ED15A950039}.CD_ROM|x86.Build.0 = Release|x86
		{8CB14844-0BFC-4630-A8B6-4ED15A950039}.Debug|Any CPU.ActiveCfg = Debug|Any CPU
		{8CB14844-0BFC-4630-A8B6-4ED15A950039}.Debug|Any CPU.Build.0 = Debug|Any CPU
		{8CB14844-0BFC-4630-A8B6-4ED15A950039}.Debug|x64.ActiveCfg = Debug|x64
		{8CB14844-0BFC-4630-A8B6-4ED15A950039}.Debug|x64.Build.0 = Debug|x64
		{8CB14844-0BFC-4630-A8B6-4ED15A950039}.Debug|x86.ActiveCfg = Debug|x86
		{8CB14844-0BFC-4630-A8B6-4ED15A950039}.Debug|x86.Build.0 = Debug|x86
		{8CB14844-0BFC-4630-A8B6-4ED15A950039}.DVD-5|Any CPU.ActiveCfg = Debug|Any CPU
		{8CB14844-0BFC-4630-A8B6-4ED15A950039}.DVD-5|Any CPU.Build.0 = Debug|Any CPU
		{8CB14844-0BFC-4630-A8B6-4ED15A950039}.DVD-5|x64.ActiveCfg = Debug|x64
		{8CB14844-0BFC-4630-A8B6-4ED15A950039}.DVD-5|x64.Build.0 = Debug|x64
		{8CB14844-0BFC-4630-A8B6-4ED15A950039}.DVD-5|x86.ActiveCfg = Debug|x86
		{8CB14844-0BFC-4630-A8B6-4ED15A950039}.DVD-5|x86.Build.0 = Debug|x86
		{8CB14844-0BFC-4630-A8B6-4ED15A950039}.Release|Any CPU.ActiveCfg = Release|Any CPU
		{8CB14844-0BFC-4630-A8B6-4ED15A950039}.Release|Any CPU.Build.0 = Release|Any CPU
		{8CB14844-0BFC-4630-A8B6-4ED15A950039}.Release|x64.ActiveCfg = Release|x64
		{8CB14844-0BFC-4630-A8B6-4ED15A950039}.Release|x64.Build.0 = Release|x64
		{8CB14844-0BFC-4630-A8B6-4ED15A950039}.Release|x86.ActiveCfg = Release|x86
		{8CB14844-0BFC-4630-A8B6-4ED15A950039}.Release|x86.Build.0 = Release|x86
		{8CB14844-0BFC-4630-A8B6-4ED15A950039}.SingleImage|Any CPU.ActiveCfg = Release|Any CPU
		{8CB14844-0BFC-4630-A8B6-4ED15A950039}.SingleImage|Any CPU.Build.0 = Release|Any CPU
		{8CB14844-0BFC-4630-A8B6-4ED15A950039}.SingleImage|x64.ActiveCfg = Release|x64
		{8CB14844-0BFC-4630-A8B6-4ED15A950039}.SingleImage|x64.Build.0 = Release|x64
		{8CB14844-0BFC-4630-A8B6-4ED15A950039}.SingleImage|x86.ActiveCfg = Release|x86
		{8CB14844-0BFC-4630-A8B6-4ED15A950039}.SingleImage|x86.Build.0 = Release|x86
		{4FD3C5A6-CC12-4EFE-8CDE-005E7BBE9C34}.CD_ROM|Any CPU.ActiveCfg = Release|Any CPU
		{4FD3C5A6-CC12-4EFE-8CDE-005E7BBE9C34}.CD_ROM|Any CPU.Build.0 = Release|Any CPU
		{4FD3C5A6-CC12-4EFE-8CDE-005E7BBE9C34}.CD_ROM|x64.ActiveCfg = Release|x64
		{4FD3C5A6-CC12-4EFE-8CDE-005E7BBE9C34}.CD_ROM|x64.Build.0 = Release|x64
		{4FD3C5A6-CC12-4EFE-8CDE-005E7BBE9C34}.CD_ROM|x86.ActiveCfg = Release|x86
		{4FD3C5A6-CC12-4EFE-8CDE-005E7BBE9C34}.CD_ROM|x86.Build.0 = Release|x86
		{4FD3C5A6-CC12-4EFE-8CDE-005E7BBE9C34}.Debug|Any CPU.ActiveCfg = Debug|Any CPU
		{4FD3C5A6-CC12-4EFE-8CDE-005E7BBE9C34}.Debug|Any CPU.Build.0 = Debug|Any CPU
		{4FD3C5A6-CC12-4EFE-8CDE-005E7BBE9C34}.Debug|x64.ActiveCfg = Debug|x64
		{4FD3C5A6-CC12-4EFE-8CDE-005E7BBE9C34}.Debug|x64.Build.0 = Debug|x64
		{4FD3C5A6-CC12-4EFE-8CDE-005E7BBE9C34}.Debug|x86.ActiveCfg = Debug|x86
		{4FD3C5A6-CC12-4EFE-8CDE-005E7BBE9C34}.Debug|x86.Build.0 = Debug|x86
		{4FD3C5A6-CC12-4EFE-8CDE-005E7BBE9C34}.DVD-5|Any CPU.ActiveCfg = Debug|Any CPU
		{4FD3C5A6-CC12-4EFE-8CDE-005E7BBE9C34}.DVD-5|Any CPU.Build.0 = Debug|Any CPU
		{4FD3C5A6-CC12-4EFE-8CDE-005E7BBE9C34}.DVD-5|x64.ActiveCfg = Debug|x64
		{4FD3C5A6-CC12-4EFE-8CDE-005E7BBE9C34}.DVD-5|x64.Build.0 = Debug|x64
		{4FD3C5A6-CC12-4EFE-8CDE-005E7BBE9C34}.DVD-5|x86.ActiveCfg = Debug|x86
		{4FD3C5A6-CC12-4EFE-8CDE-005E7BBE9C34}.DVD-5|x86.Build.0 = Debug|x86
		{4FD3C5A6-CC12-4EFE-8CDE-005E7BBE9C34}.Release|Any CPU.ActiveCfg = Release|Any CPU
		{4FD3C5A6-CC12-4EFE-8CDE-005E7BBE9C34}.Release|Any CPU.Build.0 = Release|Any CPU
		{4FD3C5A6-CC12-4EFE-8CDE-005E7BBE9C34}.Release|x64.ActiveCfg = Release|x64
		{4FD3C5A6-CC12-4EFE-8CDE-005E7BBE9C34}.Release|x64.Build.0 = Release|x64
		{4FD3C5A6-CC12-4EFE-8CDE-005E7BBE9C34}.Release|x86.ActiveCfg = Release|x86
		{4FD3C5A6-CC12-4EFE-8CDE-005E7BBE9C34}.Release|x86.Build.0 = Release|x86
		{4FD3C5A6-CC12-4EFE-8CDE-005E7BBE9C34}.SingleImage|Any CPU.ActiveCfg = Release|Any CPU
		{4FD3C5A6-CC12-4EFE-8CDE-005E7BBE9C34}.SingleImage|Any CPU.Build.0 = Release|Any CPU
		{4FD3C5A6-CC12-4EFE-8CDE-005E7BBE9C34}.SingleImage|x64.ActiveCfg = Release|x64
		{4FD3C5A6-CC12-4EFE-8CDE-005E7BBE9C34}.SingleImage|x64.Build.0 = Release|x64
		{4FD3C5A6-CC12-4EFE-8CDE-005E7BBE9C34}.SingleImage|x86.ActiveCfg = Release|x86
		{4FD3C5A6-CC12-4EFE-8CDE-005E7BBE9C34}.SingleImage|x86.Build.0 = Release|x86
		{7C8B966B-4764-46D4-8190-F610F05DC0CC}.CD_ROM|Any CPU.ActiveCfg = CD_ROM
		{7C8B966B-4764-46D4-8190-F610F05DC0CC}.CD_ROM|Any CPU.Build.0 = CD_ROM
		{7C8B966B-4764-46D4-8190-F610F05DC0CC}.CD_ROM|x64.ActiveCfg = CD_ROM
		{7C8B966B-4764-46D4-8190-F610F05DC0CC}.CD_ROM|x64.Build.0 = CD_ROM
		{7C8B966B-4764-46D4-8190-F610F05DC0CC}.CD_ROM|x86.ActiveCfg = CD_ROM
		{7C8B966B-4764-46D4-8190-F610F05DC0CC}.CD_ROM|x86.Build.0 = CD_ROM
		{7C8B966B-4764-46D4-8190-F610F05DC0CC}.Debug|Any CPU.ActiveCfg = DVD-5
		{7C8B966B-4764-46D4-8190-F610F05DC0CC}.Debug|Any CPU.Build.0 = DVD-5
		{7C8B966B-4764-46D4-8190-F610F05DC0CC}.Debug|x64.ActiveCfg = DVD-5
		{7C8B966B-4764-46D4-8190-F610F05DC0CC}.Debug|x64.Build.0 = DVD-5
		{7C8B966B-4764-46D4-8190-F610F05DC0CC}.Debug|x86.ActiveCfg = DVD-5
		{7C8B966B-4764-46D4-8190-F610F05DC0CC}.Debug|x86.Build.0 = DVD-5
		{7C8B966B-4764-46D4-8190-F610F05DC0CC}.DVD-5|Any CPU.ActiveCfg = DVD-5
		{7C8B966B-4764-46D4-8190-F610F05DC0CC}.DVD-5|Any CPU.Build.0 = DVD-5
		{7C8B966B-4764-46D4-8190-F610F05DC0CC}.DVD-5|x64.ActiveCfg = DVD-5
		{7C8B966B-4764-46D4-8190-F610F05DC0CC}.DVD-5|x64.Build.0 = DVD-5
		{7C8B966B-4764-46D4-8190-F610F05DC0CC}.DVD-5|x86.ActiveCfg = DVD-5
		{7C8B966B-4764-46D4-8190-F610F05DC0CC}.DVD-5|x86.Build.0 = DVD-5
		{7C8B966B-4764-46D4-8190-F610F05DC0CC}.Release|Any CPU.ActiveCfg = SingleImage
		{7C8B966B-4764-46D4-8190-F610F05DC0CC}.Release|Any CPU.Build.0 = SingleImage
		{7C8B966B-4764-46D4-8190-F610F05DC0CC}.Release|x64.ActiveCfg = SingleImage
		{7C8B966B-4764-46D4-8190-F610F05DC0CC}.Release|x64.Build.0 = SingleImage
		{7C8B966B-4764-46D4-8190-F610F05DC0CC}.Release|x86.ActiveCfg = SingleImage
		{7C8B966B-4764-46D4-8190-F610F05DC0CC}.Release|x86.Build.0 = SingleImage
		{7C8B966B-4764-46D4-8190-F610F05DC0CC}.SingleImage|Any CPU.ActiveCfg = SingleImage
		{7C8B966B-4764-46D4-8190-F610F05DC0CC}.SingleImage|Any CPU.Build.0 = SingleImage
		{7C8B966B-4764-46D4-8190-F610F05DC0CC}.SingleImage|x64.ActiveCfg = SingleImage
		{7C8B966B-4764-46D4-8190-F610F05DC0CC}.SingleImage|x64.Build.0 = SingleImage
		{7C8B966B-4764-46D4-8190-F610F05DC0CC}.SingleImage|x86.ActiveCfg = SingleImage
		{7C8B966B-4764-46D4-8190-F610F05DC0CC}.SingleImage|x86.Build.0 = SingleImage
	EndGlobalSection
	GlobalSection(SolutionProperties) = preSolution
		HideSolutionNode = FALSE
	EndGlobalSection
EndGlobal
